
Microsoft Visual Studio Solution File, Format Version 12.00
# Visual Studio 2013
VisualStudioVersion = 12.0.31101.0
MinimumVisualStudioVersion = 10.0.40219.1
Project("{FAE04EC0-301F-11D3-BF4B-00C04F79EFBC}") = "HolidayPlanner", "HolidayPlanner\HolidayPlanner.csproj", "{48F68711-44A6-4086-B95E-18AAB702ED71}"
EndProject
Project("{FAE04EC0-301F-11D3-BF4B-00C04F79EFBC}") = "HolidayPlanner.EventsSystem", "HolidayPlanner.EventsSystem\HolidayPlanner.EventsSystem.csproj", "{F3F7307D-FDCE-4622-93FF-BBD99F38FEF0}"
EndProject
Project("{FAE04EC0-301F-11D3-BF4B-00C04F79EFBC}") = "HolidayPlanner.Tests", "HolidayPlanner.Tests\HolidayPlanner.Tests.csproj", "{5FAA1549-C38B-4D1D-B184-9A6EBCBD56DA}"
EndProject
Global
	GlobalSection(SolutionConfigurationPlatforms) = preSolution
		Debug|Any CPU = Debug|Any CPU
		Release|Any CPU = Release|Any CPU
	EndGlobalSection
	GlobalSection(ProjectConfigurationPlatforms) = postSolution
		{48F68711-44A6-4086-B95E-18AAB702ED71}.Debug|Any CPU.ActiveCfg = Debug|Any CPU
		{48F68711-44A6-4086-B95E-18AAB702ED71}.Debug|Any CPU.Build.0 = Debug|Any CPU
		{48F68711-44A6-4086-B95E-18AAB702ED71}.Release|Any CPU.ActiveCfg = Release|Any CPU
		{48F68711-44A6-4086-B95E-18AAB702ED71}.Release|Any CPU.Build.0 = Release|Any CPU
		{F3F7307D-FDCE-4622-93FF-BBD99F38FEF0}.Debug|Any CPU.ActiveCfg = Debug|Any CPU
		{F3F7307D-FDCE-4622-93FF-BBD99F38FEF0}.Debug|Any CPU.Build.0 = Debug|Any CPU
		{F3F7307D-FDCE-4622-93FF-BBD99F38FEF0}.Release|Any CPU.ActiveCfg = Release|Any CPU
		{F3F7307D-FDCE-4622-93FF-BBD99F38FEF0}.Release|Any CPU.Build.0 = Release|Any CPU
		{5FAA1549-C38B-4D1D-B184-9A6EBCBD56DA}.Debug|Any CPU.ActiveCfg = Debug|Any CPU
		{5FAA1549-C38B-4D1D-B184-9A6EBCBD56DA}.Debug|Any CPU.Build.0 = Debug|Any CPU
		{5FAA1549-C38B-4D1D-B184-9A6EBCBD56DA}.Release|Any CPU.ActiveCfg = Release|Any CPU
		{5FAA1549-C38B-4D1D-B184-9A6EBCBD56DA}.Release|Any CPU.Build.0 = Release|Any CPU
	EndGlobalSection
	GlobalSection(SolutionProperties) = preSolution
		HideSolutionNode = FALSE
	EndGlobalSection
EndGlobal
